
Microsoft Visual Studio Solution File, Format Version 12.00
# Visual Studio Version 17
VisualStudioVersion = 17.4.33213.308
MinimumVisualStudioVersion = 10.0.40219.1
Project("{FAE04EC0-301F-11D3-BF4B-00C04F79EFBC}") = "Arrays exercise", "Arrays exercise.csproj", "{9807CA4D-BD3B-4021-9576-27439089E8B1}"
EndProject
Global
	GlobalSection(SolutionConfigurationPlatforms) = preSolution
		Debug|Any CPU = Debug|Any CPU
		Release|Any CPU = Release|Any CPU
	EndGlobalSection
	GlobalSection(ProjectConfigurationPlatforms) = postSolution
		{9807CA4D-BD3B-4021-9576-27439089E8B1}.Debug|Any CPU.ActiveCfg = Debug|Any CPU
		{9807CA4D-BD3B-4021-9576-27439089E8B1}.Debug|Any CPU.Build.0 = Debug|Any CPU
		{9807CA4D-BD3B-4021-9576-27439089E8B1}.Release|Any CPU.ActiveCfg = Release|Any CPU
		{9807CA4D-BD3B-4021-9576-27439089E8B1}.Release|Any CPU.Build.0 = Release|Any CPU
	EndGlobalSection
	GlobalSection(SolutionProperties) = preSolution
		HideSolutionNode = FALSE
	EndGlobalSection
	GlobalSection(ExtensibilityGlobals) = postSolution
		SolutionGuid = {47FAF22A-3D86-4F2C-85FA-28262949D468}
	EndGlobalSection
EndGlobal
